
Microsoft Visual Studio Solution File, Format Version 12.00
# Visual Studio Version 16
VisualStudioVersion = 16.0.31702.278
MinimumVisualStudioVersion = 10.0.40219.1
Project("{FAE04EC0-301F-11D3-BF4B-00C04F79EFBC}") = "Timetronome", "Timetronome.csproj", "{7EB27F86-E341-4CB8-BB84-9BD816EE18DE}"
EndProject
Global
	GlobalSection(SolutionConfigurationPlatforms) = preSolution
		Debug|Any CPU = Debug|Any CPU
		Release|Any CPU = Release|Any CPU
	EndGlobalSection
	GlobalSection(ProjectConfigurationPlatforms) = postSolution
		{7EB27F86-E341-4CB8-BB84-9BD816EE18DE}.Debug|Any CPU.ActiveCfg = Release|Any CPU
		{7EB27F86-E341-4CB8-BB84-9BD816EE18DE}.Debug|Any CPU.Build.0 = Release|Any CPU
		{7EB27F86-E341-4CB8-BB84-9BD816EE18DE}.Release|Any CPU.ActiveCfg = Debug|Any CPU
		{7EB27F86-E341-4CB8-BB84-9BD816EE18DE}.Release|Any CPU.Build.0 = Debug|Any CPU
	EndGlobalSection
	GlobalSection(SolutionProperties) = preSolution
		HideSolutionNode = FALSE
	EndGlobalSection
	GlobalSection(ExtensibilityGlobals) = postSolution
		SolutionGuid = {231F44FF-AB30-48FA-A2D1-EBC9C065AA8C}
	EndGlobalSection
EndGlobal
